
Microsoft Visual Studio Solution File, Format Version 12.00
# Visual Studio 15
VisualStudioVersion = 15.0.27130.2010
MinimumVisualStudioVersion = 10.0.40219.1
Project("{FAE04EC0-301F-11D3-BF4B-00C04F79EFBC}") = "Big_file_reader", "Big_file_reader\Big_file_reader.csproj", "{DD15D919-1242-4D95-916E-2D1E98B30E8F}"
EndProject
Global
	GlobalSection(SolutionConfigurationPlatforms) = preSolution
		Debug|Any CPU = Debug|Any CPU
		Debug|x64 = Debug|x64
		Release|Any CPU = Release|Any CPU
		Release|x64 = Release|x64
	EndGlobalSection
	GlobalSection(ProjectConfigurationPlatforms) = postSolution
		{DD15D919-1242-4D95-916E-2D1E98B30E8F}.Debug|Any CPU.ActiveCfg = Debug|Any CPU
		{DD15D919-1242-4D95-916E-2D1E98B30E8F}.Debug|Any CPU.Build.0 = Debug|Any CPU
		{DD15D919-1242-4D95-916E-2D1E98B30E8F}.Debug|x64.ActiveCfg = Debug|Any CPU
		{DD15D919-1242-4D95-916E-2D1E98B30E8F}.Debug|x64.Build.0 = Debug|Any CPU
		{DD15D919-1242-4D95-916E-2D1E98B30E8F}.Release|Any CPU.ActiveCfg = Release|Any CPU
		{DD15D919-1242-4D95-916E-2D1E98B30E8F}.Release|Any CPU.Build.0 = Release|Any CPU
		{DD15D919-1242-4D95-916E-2D1E98B30E8F}.Release|x64.ActiveCfg = Release|Any CPU
		{DD15D919-1242-4D95-916E-2D1E98B30E8F}.Release|x64.Build.0 = Release|Any CPU
	EndGlobalSection
	GlobalSection(SolutionProperties) = preSolution
		HideSolutionNode = FALSE
	EndGlobalSection
	GlobalSection(ExtensibilityGlobals) = postSolution
		SolutionGuid = {691B419F-08C2-4EAC-B3D1-91EF231FC0D3}
	EndGlobalSection
EndGlobal
